// !$*UTF8*$!
{
	archiveVersion = 1;
	classes = {
	};
	objectVersion = 50;
	objects = {

/* Begin PBXBuildFile section */
		56BF2F032788A04A00EA9292 /* AppDelegate.swift in Sources */ = {isa = PBXBuildFile; fileRef = 56BF2F022788A04A00EA9292 /* AppDelegate.swift */; };
		56BF2F052788A04A00EA9292 /* SceneDelegate.swift in Sources */ = {isa = PBXBuildFile; fileRef = 56BF2F042788A04A00EA9292 /* SceneDelegate.swift */; };
		56BF2F0A2788A04A00EA9292 /* Main.storyboard in Resources */ = {isa = PBXBuildFile; fileRef = 56BF2F082788A04A00EA9292 /* Main.storyboard */; };
		56BF2F0C2788A04E00EA9292 /* Assets.xcassets in Resources */ = {isa = PBXBuildFile; fileRef = 56BF2F0B2788A04E00EA9292 /* Assets.xcassets */; };
		56BF2F0F2788A04E00EA9292 /* LaunchScreen.storyboard in Resources */ = {isa = PBXBuildFile; fileRef = 56BF2F0D2788A04E00EA9292 /* LaunchScreen.storyboard */; };
		56BF2F332788A3A900EA9292 /* Model.swift in Sources */ = {isa = PBXBuildFile; fileRef = 56BF2F322788A3A800EA9292 /* Model.swift */; };
		56BF2F352788A49B00EA9292 /* CListViewControer.swift in Sources */ = {isa = PBXBuildFile; fileRef = 56BF2F342788A49B00EA9292 /* CListViewControer.swift */; };
		56BF2F372788A53300EA9292 /* CalendarViewControler.swift in Sources */ = {isa = PBXBuildFile; fileRef = 56BF2F362788A53300EA9292 /* CalendarViewControler.swift */; };
		56BF2F392788A8D400EA9292 /* TableCell.swift in Sources */ = {isa = PBXBuildFile; fileRef = 56BF2F382788A8D400EA9292 /* TableCell.swift */; };
/* End PBXBuildFile section */

/* Begin PBXContainerItemProxy section */
		56BF2F162788A04E00EA9292 /* PBXContainerItemProxy */ = {
			isa = PBXContainerItemProxy;
			containerPortal = 56BF2EF72788A04A00EA9292 /* Project object */;
			proxyType = 1;
			remoteGlobalIDString = 56BF2EFE2788A04A00EA9292;
			remoteInfo = Exam;
		};
		56BF2F212788A04E00EA9292 /* PBXContainerItemProxy */ = {
			isa = PBXContainerItemProxy;
			containerPortal = 56BF2EF72788A04A00EA9292 /* Project object */;
			proxyType = 1;
			remoteGlobalIDString = 56BF2EFE2788A04A00EA9292;
			remoteInfo = Exam;
		};
/* End PBXContainerItemProxy section */

/* Begin PBXFileReference section */
		56BF2EFF2788A04A00EA9292 /* Exam.app */ = {isa = PBXFileReference; explicitFileType = wrapper.application; includeInIndex = 0; name = Exam.app; path = "/Users/ninaivanova/Desktop/Ivo A/IOS/ios_2021_mid_exam/Exam/build/Debug-iphoneos/Exam.app"; sourceTree = "<absolute>"; };
		56BF2F022788A04A00EA9292 /* AppDelegate.swift */ = {isa = PBXFileReference; lastKnownFileType = sourcecode.swift; path = AppDelegate.swift; sourceTree = "<group>"; };
		56BF2F042788A04A00EA9292 /* SceneDelegate.swift */ = {isa = PBXFileReference; lastKnownFileType = sourcecode.swift; path = SceneDelegate.swift; sourceTree = "<group>"; };
		56BF2F092788A04A00EA9292 /* Base */ = {isa = PBXFileReference; lastKnownFileType = file.storyboard; name = Base; path = Base.lproj/Main.storyboard; sourceTree = "<group>"; };
		56BF2F0B2788A04E00EA9292 /* Assets.xcassets */ = {isa = PBXFileReference; lastKnownFileType = folder.assetcatalog; path = Assets.xcassets; sourceTree = "<group>"; };
		56BF2F0E2788A04E00EA9292 /* Base */ = {isa = PBXFileReference; lastKnownFileType = file.storyboard; name = Base; path = Base.lproj/LaunchScreen.storyboard; sourceTree = "<group>"; };
		56BF2F102788A04E00EA9292 /* Info.plist */ = {isa = PBXFileReference; lastKnownFileType = text.plist.xml; path = Info.plist; sourceTree = "<group>"; };
		56BF2F152788A04E00EA9292 /* ExamTests.xctest */ = {isa = PBXFileReference; explicitFileType = wrapper.cfbundle; includeInIndex = 0; name = ExamTests.xctest; path = "/Users/ninaivanova/Desktop/Ivo A/IOS/ios_2021_mid_exam/Exam/build/Debug-iphoneos/ExamTests.xctest"; sourceTree = "<absolute>"; };
		56BF2F202788A04E00EA9292 /* ExamUITests.xctest */ = {isa = PBXFileReference; explicitFileType = wrapper.cfbundle; includeInIndex = 0; name = ExamUITests.xctest; path = "/Users/ninaivanova/Desktop/Ivo A/IOS/ios_2021_mid_exam/Exam/build/Debug-iphoneos/ExamUITests.xctest"; sourceTree = "<absolute>"; };
		56BF2F322788A3A800EA9292 /* Model.swift */ = {isa = PBXFileReference; fileEncoding = 4; lastKnownFileType = sourcecode.swift; path = Model.swift; sourceTree = "<group>"; };
		56BF2F342788A49B00EA9292 /* CListViewControer.swift */ = {isa = PBXFileReference; lastKnownFileType = sourcecode.swift; path = CListViewControer.swift; sourceTree = "<group>"; };
		56BF2F362788A53300EA9292 /* CalendarViewControler.swift */ = {isa = PBXFileReference; lastKnownFileType = sourcecode.swift; path = CalendarViewControler.swift; sourceTree = "<group>"; };
		56BF2F382788A8D400EA9292 /* TableCell.swift */ = {isa = PBXFileReference; lastKnownFileType = sourcecode.swift; path = TableCell.swift; sourceTree = "<group>"; };
/* End PBXFileReference section */

/* Begin PBXFrameworksBuildPhase section */
		56BF2EFC2788A04A00EA9292 /* Frameworks */ = {
			isa = PBXFrameworksBuildPhase;
			buildActionMask = 2147483647;
			files = (
			);
			runOnlyForDeploymentPostprocessing = 0;
		};
		56BF2F122788A04E00EA9292 /* Frameworks */ = {
			isa = PBXFrameworksBuildPhase;
			buildActionMask = 2147483647;
			files = (
			);
			runOnlyForDeploymentPostprocessing = 0;
		};
		56BF2F1D2788A04E00EA9292 /* Frameworks */ = {
			isa = PBXFrameworksBuildPhase;
			buildActionMask = 2147483647;
			files = (
			);
			runOnlyForDeploymentPostprocessing = 0;
		};
/* End PBXFrameworksBuildPhase section */

/* Begin PBXGroup section */
		56BF2EF62788A04A00EA9292 = {
			isa = PBXGroup;
			children = (
				56BF2F382788A8D400EA9292 /* TableCell.swift */,
				56BF2F012788A04A00EA9292 /* Exam */,
			);
			sourceTree = "<group>";
		};
		56BF2F012788A04A00EA9292 /* Exam */ = {
			isa = PBXGroup;
			children = (
				56BF2F322788A3A800EA9292 /* Model.swift */,
				56BF2F022788A04A00EA9292 /* AppDelegate.swift */,
				56BF2F042788A04A00EA9292 /* SceneDelegate.swift */,
				56BF2F082788A04A00EA9292 /* Main.storyboard */,
				56BF2F0B2788A04E00EA9292 /* Assets.xcassets */,
				56BF2F0D2788A04E00EA9292 /* LaunchScreen.storyboard */,
				56BF2F102788A04E00EA9292 /* Info.plist */,
				56BF2F342788A49B00EA9292 /* CListViewControer.swift */,
				56BF2F362788A53300EA9292 /* CalendarViewControler.swift */,
			);
			path = Exam;
			sourceTree = "<group>";
		};
/* End PBXGroup section */

/* Begin PBXNativeTarget section */
		56BF2EFE2788A04A00EA9292 /* Exam */ = {
			isa = PBXNativeTarget;
			buildConfigurationList = 56BF2F292788A04E00EA9292 /* Build configuration list for PBXNativeTarget "Exam" */;
			buildPhases = (
				56BF2EFB2788A04A00EA9292 /* Sources */,
				56BF2EFC2788A04A00EA9292 /* Frameworks */,
				56BF2EFD2788A04A00EA9292 /* Resources */,
			);
			buildRules = (
			);
			dependencies = (
			);
			name = Exam;
			productName = Exam;
			productReference = 56BF2EFF2788A04A00EA9292 /* Exam.app */;
			productType = "com.apple.product-type.application";
		};
		56BF2F142788A04E00EA9292 /* ExamTests */ = {
			isa = PBXNativeTarget;
			buildConfigurationList = 56BF2F2C2788A04E00EA9292 /* Build configuration list for PBXNativeTarget "ExamTests" */;
			buildPhases = (
				56BF2F112788A04E00EA9292 /* Sources */,
				56BF2F122788A04E00EA9292 /* Frameworks */,
				56BF2F132788A04E00EA9292 /* Resources */,
			);
			buildRules = (
			);
			dependencies = (
				56BF2F172788A04E00EA9292 /* PBXTargetDependency */,
			);
			name = ExamTests;
			productName = ExamTests;
			productReference = 56BF2F152788A04E00EA9292 /* ExamTests.xctest */;
			productType = "com.apple.product-type.bundle.unit-test";
		};
		56BF2F1F2788A04E00EA9292 /* ExamUITests */ = {
			isa = PBXNativeTarget;
			buildConfigurationList = 56BF2F2F2788A04E00EA9292 /* Build configuration list for PBXNativeTarget "ExamUITests" */;
			buildPhases = (
				56BF2F1C2788A04E00EA9292 /* Sources */,
				56BF2F1D2788A04E00EA9292 /* Frameworks */,
				56BF2F1E2788A04E00EA9292 /* Resources */,
			);
			buildRules = (
			);
			dependencies = (
				56BF2F222788A04E00EA9292 /* PBXTargetDependency */,
			);
			name = ExamUITests;
			productName = ExamUITests;
			productReference = 56BF2F202788A04E00EA9292 /* ExamUITests.xctest */;
			productType = "com.apple.product-type.bundle.ui-testing";
		};
/* End PBXNativeTarget section */

/* Begin PBXProject section */
		56BF2EF72788A04A00EA9292 /* Project object */ = {
			isa = PBXProject;
			attributes = {
				LastSwiftUpdateCheck = 1250;
				LastUpgradeCheck = 1250;
				TargetAttributes = {
					56BF2EFE2788A04A00EA9292 = {
						CreatedOnToolsVersion = 12.5.1;
					};
					56BF2F142788A04E00EA9292 = {
						CreatedOnToolsVersion = 12.5.1;
						TestTargetID = 56BF2EFE2788A04A00EA9292;
					};
					56BF2F1F2788A04E00EA9292 = {
						CreatedOnToolsVersion = 12.5.1;
						TestTargetID = 56BF2EFE2788A04A00EA9292;
					};
				};
			};
			buildConfigurationList = 56BF2EFA2788A04A00EA9292 /* Build configuration list for PBXProject "Exam" */;
			compatibilityVersion = "Xcode 9.3";
			developmentRegion = en;
			hasScannedForEncodings = 0;
			knownRegions = (
				en,
				Base,
			);
			mainGroup = 56BF2EF62788A04A00EA9292;
			productRefGroup = 56BF2EF62788A04A00EA9292;
			projectDirPath = "";
			projectRoot = "";
			targets = (
				56BF2EFE2788A04A00EA9292 /* Exam */,
				56BF2F142788A04E00EA9292 /* ExamTests */,
				56BF2F1F2788A04E00EA9292 /* ExamUITests */,
			);
		};
/* End PBXProject section */

/* Begin PBXResourcesBuildPhase section */
		56BF2EFD2788A04A00EA9292 /* Resources */ = {
			isa = PBXResourcesBuildPhase;
			buildActionMask = 2147483647;
			files = (
				56BF2F0F2788A04E00EA9292 /* LaunchScreen.storyboard in Resources */,
				56BF2F0C2788A04E00EA9292 /* Assets.xcassets in Resources */,
				56BF2F0A2788A04A00EA9292 /* Main.storyboard in Resources */,
			);
			runOnlyForDeploymentPostprocessing = 0;
		};
		56BF2F132788A04E00EA9292 /* Resources */ = {
			isa = PBXResourcesBuildPhase;
			buildActionMask = 2147483647;
			files = (
			);
			runOnlyForDeploymentPostprocessing = 0;
		};
		56BF2F1E2788A04E00EA9292 /* Resources */ = {
			isa = PBXResourcesBuildPhase;
			buildActionMask = 2147483647;
			files = (
			);
			runOnlyForDeploymentPostprocessing = 0;
		};
/* End PBXResourcesBuildPhase section */

/* Begin PBXSourcesBuildPhase section */
		56BF2EFB2788A04A00EA9292 /* Sources */ = {
			isa = PBXSourcesBuildPhase;
			buildActionMask = 2147483647;
			files = (
				56BF2F392788A8D400EA9292 /* TableCell.swift in Sources */,
				56BF2F032788A04A00EA9292 /* AppDelegate.swift in Sources */,
				56BF2F052788A04A00EA9292 /* SceneDelegate.swift in Sources */,
				56BF2F332788A3A900EA9292 /* Model.swift in Sources */,
				56BF2F352788A49B00EA9292 /* CListViewControer.swift in Sources */,
				56BF2F372788A53300EA9292 /* CalendarViewControler.swift in Sources */,
			);
			runOnlyForDeploymentPostprocessing = 0;
		};
		56BF2F112788A04E00EA9292 /* Sources */ = {
			isa = PBXSourcesBuildPhase;
			buildActionMask = 2147483647;
			files = (
			);
			runOnlyForDeploymentPostprocessing = 0;
		};
		56BF2F1C2788A04E00EA9292 /* Sources */ = {
			isa = PBXSourcesBuildPhase;
			buildActionMask = 2147483647;
			files = (
			);
			runOnlyForDeploymentPostprocessing = 0;
		};
/* End PBXSourcesBuildPhase section */

/* Begin PBXTargetDependency section */
		56BF2F172788A04E00EA9292 /* PBXTargetDependency */ = {
			isa = PBXTargetDependency;
			target = 56BF2EFE2788A04A00EA9292 /* Exam */;
			targetProxy = 56BF2F162788A04E00EA9292 /* PBXContainerItemProxy */;
		};
		56BF2F222788A04E00EA9292 /* PBXTargetDependency */ = {
			isa = PBXTargetDependency;
			target = 56BF2EFE2788A04A00EA9292 /* Exam */;
			targetProxy = 56BF2F212788A04E00EA9292 /* PBXContainerItemProxy */;
		};
/* End PBXTargetDependency section */

/* Begin PBXVariantGroup section */
		56BF2F082788A04A00EA9292 /* Main.storyboard */ = {
			isa = PBXVariantGroup;
			children = (
				56BF2F092788A04A00EA9292 /* Base */,
			);
			name = Main.storyboard;
			sourceTree = "<group>";
		};
		56BF2F0D2788A04E00EA9292 /* LaunchScreen.storyboard */ = {
			isa = PBXVariantGroup;
			children = (
				56BF2F0E2788A04E00EA9292 /* Base */,
			);
			name = LaunchScreen.storyboard;
			sourceTree = "<group>";
		};
/* End PBXVariantGroup section */

/* Begin XCBuildConfiguration section */
		56BF2F272788A04E00EA9292 /* Debug */ = {
			isa = XCBuildConfiguration;
			buildSettings = {
				ALWAYS_SEARCH_USER_PATHS = NO;
				CLANG_ANALYZER_NONNULL = YES;
				CLANG_ANALYZER_NUMBER_OBJECT_CONVERSION = YES_AGGRESSIVE;
				CLANG_CXX_LANGUAGE_STANDARD = "gnu++14";
				CLANG_CXX_LIBRARY = "libc++";
				CLANG_ENABLE_MODULES = YES;
				CLANG_ENABLE_OBJC_ARC = YES;
				CLANG_ENABLE_OBJC_WEAK = YES;
				CLANG_WARN_BLOCK_CAPTURE_AUTORELEASING = YES;
				CLANG_WARN_BOOL_CONVERSION = YES;
				CLANG_WARN_COMMA = YES;
				CLANG_WARN_CONSTANT_CONVERSION = YES;
				CLANG_WARN_DEPRECATED_OBJC_IMPLEMENTATIONS = YES;
				CLANG_WARN_DIRECT_OBJC_ISA_USAGE = YES_ERROR;
				CLANG_WARN_DOCUMENTATION_COMMENTS = YES;
				CLANG_WARN_EMPTY_BODY = YES;
				CLANG_WARN_ENUM_CONVERSION = YES;
				CLANG_WARN_INFINITE_RECURSION = YES;
				CLANG_WARN_INT_CONVERSION = YES;
				CLANG_WARN_NON_LITERAL_NULL_CONVERSION = YES;
				CLANG_WARN_OBJC_IMPLICIT_RETAIN_SELF = YES;
				CLANG_WARN_OBJC_LITERAL_CONVERSION = YES;
				CLANG_WARN_OBJC_ROOT_CLASS = YES_ERROR;
				CLANG_WARN_QUOTED_INCLUDE_IN_FRAMEWORK_HEADER = YES;
				CLANG_WARN_RANGE_LOOP_ANALYSIS = YES;
				CLANG_WARN_STRICT_PROTOTYPES = YES;
				CLANG_WARN_SUSPICIOUS_MOVE = YES;
				CLANG_WARN_UNGUARDED_AVAILABILITY = YES_AGGRESSIVE;
				CLANG_WARN_UNREACHABLE_CODE = YES;
				CLANG_WARN__DUPLICATE_METHOD_MATCH = YES;
				COPY_PHASE_STRIP = NO;
				DEBUG_INFORMATION_FORMAT = dwarf;
				ENABLE_STRICT_OBJC_MSGSEND = YES;
				ENABLE_TESTABILITY = YES;
				GCC_C_LANGUAGE_STANDARD = gnu11;
				GCC_DYNAMIC_NO_PIC = NO;
				GCC_NO_COMMON_BLOCKS = YES;
				GCC_OPTIMIZATION_LEVEL = 0;
				GCC_PREPROCESSOR_DEFINITIONS = (
					"DEBUG=1",
					"$(inherited)",
				);
				GCC_WARN_64_TO_32_BIT_CONVERSION = YES;
				GCC_WARN_ABOUT_RETURN_TYPE = YES_ERROR;
				GCC_WARN_UNDECLARED_SELECTOR = YES;
				GCC_WARN_UNINITIALIZED_AUTOS = YES_AGGRESSIVE;
				GCC_WARN_UNUSED_FUNCTION = YES;
				GCC_WARN_UNUSED_VARIABLE = YES;
				IPHONEOS_DEPLOYMENT_TARGET = 14.5;
				MTL_ENABLE_DEBUG_INFO = INCLUDE_SOURCE;
				MTL_FAST_MATH = YES;
				ONLY_ACTIVE_ARCH = YES;
				SDKROOT = iphoneos;
				SWIFT_ACTIVE_COMPILATION_CONDITIONS = DEBUG;
				SWIFT_OPTIMIZATION_LEVEL = "-Onone";
			};
			name = Debug;
		};
		56BF2F282788A04E00EA9292 /* Release */ = {
			isa = XCBuildConfiguration;
			buildSettings = {
				ALWAYS_SEARCH_USER_PATHS = NO;
				CLANG_ANALYZER_NONNULL = YES;
				CLANG_ANALYZER_NUMBER_OBJECT_CONVERSION = YES_AGGRESSIVE;
				CLANG_CXX_LANGUAGE_STANDARD = "gnu++14";
				CLANG_CXX_LIBRARY = "libc++";
				CLANG_ENABLE_MODULES = YES;
				CLANG_ENABLE_OBJC_ARC = YES;
				CLANG_ENABLE_OBJC_WEAK = YES;
				CLANG_WARN_BLOCK_CAPTURE_AUTORELEASING = YES;
				CLANG_WARN_BOOL_CONVERSION = YES;
				CLANG_WARN_COMMA = YES;
				CLANG_WARN_CONSTANT_CONVERSION = YES;
				CLANG_WARN_DEPRECATED_OBJC_IMPLEMENTATIONS = YES;
				CLANG_WARN_DIRECT_OBJC_ISA_USAGE = YES_ERROR;
				CLANG_WARN_DOCUMENTATION_COMMENTS = YES;
				CLANG_WARN_EMPTY_BODY = YES;
				CLANG_WARN_ENUM_CONVERSION = YES;
				CLANG_WARN_INFINITE_RECURSION = YES;
				CLANG_WARN_INT_CONVERSION = YES;
				CLANG_WARN_NON_LITERAL_NULL_CONVERSION = YES;
				CLANG_WARN_OBJC_IMPLICIT_RETAIN_SELF = YES;
				CLANG_WARN_OBJC_LITERAL_CONVERSION = YES;
				CLANG_WARN_OBJC_ROOT_CLASS = YES_ERROR;
				CLANG_WARN_QUOTED_INCLUDE_IN_FRAMEWORK_HEADER = YES;
				CLANG_WARN_RANGE_LOOP_ANALYSIS = YES;
				CLANG_WARN_STRICT_PROTOTYPES = YES;
				CLANG_WARN_SUSPICIOUS_MOVE = YES;
				CLANG_WARN_UNGUARDED_AVAILABILITY = YES_AGGRESSIVE;
				CLANG_WARN_UNREACHABLE_CODE = YES;
				CLANG_WARN__DUPLICATE_METHOD_MATCH = YES;
				COPY_PHASE_STRIP = NO;
				DEBUG_INFORMATION_FORMAT = "dwarf-with-dsym";
				ENABLE_NS_ASSERTIONS = NO;
				ENABLE_STRICT_OBJC_MSGSEND = YES;
				GCC_C_LANGUAGE_STANDARD = gnu11;
				GCC_NO_COMMON_BLOCKS = YES;
				GCC_WARN_64_TO_32_BIT_CONVERSION = YES;
				GCC_WARN_ABOUT_RETURN_TYPE = YES_ERROR;
				GCC_WARN_UNDECLARED_SELECTOR = YES;
				GCC_WARN_UNINITIALIZED_AUTOS = YES_AGGRESSIVE;
				GCC_WARN_UNUSED_FUNCTION = YES;
				GCC_WARN_UNUSED_VARIABLE = YES;
				IPHONEOS_DEPLOYMENT_TARGET = 14.5;
				MTL_ENABLE_DEBUG_INFO = NO;
				MTL_FAST_MATH = YES;
				SDKROOT = iphoneos;
				SWIFT_COMPILATION_MODE = wholemodule;
				SWIFT_OPTIMIZATION_LEVEL = "-O";
				VALIDATE_PRODUCT = YES;
			};
			name = Release;
		};
		56BF2F2A2788A04E00EA9292 /* Debug */ = {
			isa = XCBuildConfiguration;
			buildSettings = {
				ASSETCATALOG_COMPILER_APPICON_NAME = AppIcon;
				ASSETCATALOG_COMPILER_GLOBAL_ACCENT_COLOR_NAME = AccentColor;
				CODE_SIGN_STYLE = Automatic;
				INFOPLIST_FILE = Exam/Info.plist;
				LD_RUNPATH_SEARCH_PATHS = (
					"$(inherited)",
					"@executable_path/Frameworks",
				);
				PRODUCT_BUNDLE_IDENTIFIER = "uni-sofia.bg.Exam";
				PRODUCT_NAME = "$(TARGET_NAME)";
				SWIFT_VERSION = 5.0;
				TARGETED_DEVICE_FAMILY = "1,2";
			};
			name = Debug;
		};
		56BF2F2B2788A04E00EA9292 /* Release */ = {
			isa = XCBuildConfiguration;
			buildSettings = {
				ASSETCATALOG_COMPILER_APPICON_NAME = AppIcon;
				ASSETCATALOG_COMPILER_GLOBAL_ACCENT_COLOR_NAME = AccentColor;
				CODE_SIGN_STYLE = Automatic;
				INFOPLIST_FILE = Exam/Info.plist;
				LD_RUNPATH_SEARCH_PATHS = (
					"$(inherited)",
					"@executable_path/Frameworks",
				);
				PRODUCT_BUNDLE_IDENTIFIER = "uni-sofia.bg.Exam";
				PRODUCT_NAME = "$(TARGET_NAME)";
				SWIFT_VERSION = 5.0;
				TARGETED_DEVICE_FAMILY = "1,2";
			};
			name = Release;
		};
		56BF2F2D2788A04E00EA9292 /* Debug */ = {
			isa = XCBuildConfiguration;
			buildSettings = {
				ALWAYS_EMBED_SWIFT_STANDARD_LIBRARIES = YES;
				BUNDLE_LOADER = "$(TEST_HOST)";
				CODE_SIGN_STYLE = Automatic;
				INFOPLIST_FILE = ExamTests/Info.plist;
				IPHONEOS_DEPLOYMENT_TARGET = 14.5;
				LD_RUNPATH_SEARCH_PATHS = (
					"$(inherited)",
					"@executable_path/Frameworks",
					"@loader_path/Frameworks",
				);
				PRODUCT_BUNDLE_IDENTIFIER = "uni-sofia.bg.ExamTests";
				PRODUCT_NAME = "$(TARGET_NAME)";
				SWIFT_VERSION = 5.0;
				TARGETED_DEVICE_FAMILY = "1,2";
				TEST_HOST = "$(BUILT_PRODUCTS_DIR)/Exam.app/Exam";
			};
			name = Debug;
		};
		56BF2F2E2788A04E00EA9292 /* Release */ = {
			isa = XCBuildConfiguration;
			buildSettings = {
				ALWAYS_EMBED_SWIFT_STANDARD_LIBRARIES = YES;
				BUNDLE_LOADER = "$(TEST_HOST)";
				CODE_SIGN_STYLE = Automatic;
				INFOPLIST_FILE = ExamTests/Info.plist;
				IPHONEOS_DEPLOYMENT_TARGET = 14.5;
				LD_RUNPATH_SEARCH_PATHS = (
					"$(inherited)",
					"@executable_path/Frameworks",
					"@loader_path/Frameworks",
				);
				PRODUCT_BUNDLE_IDENTIFIER = "uni-sofia.bg.ExamTests";
				PRODUCT_NAME = "$(TARGET_NAME)";
				SWIFT_VERSION = 5.0;
				TARGETED_DEVICE_FAMILY = "1,2";
				TEST_HOST = "$(BUILT_PRODUCTS_DIR)/Exam.app/Exam";
			};
			name = Release;
		};
		56BF2F302788A04E00EA9292 /* Debug */ = {
			isa = XCBuildConfiguration;
			buildSettings = {
				ALWAYS_EMBED_SWIFT_STANDARD_LIBRARIES = YES;
				CODE_SIGN_STYLE = Automatic;
				INFOPLIST_FILE = ExamUITests/Info.plist;
				LD_RUNPATH_SEARCH_PATHS = (
					"$(inherited)",
					"@executable_path/Frameworks",
					"@loader_path/Frameworks",
				);
				PRODUCT_BUNDLE_IDENTIFIER = "uni-sofia.bg.ExamUITests";
				PRODUCT_NAME = "$(TARGET_NAME)";
				SWIFT_VERSION = 5.0;
				TARGETED_DEVICE_FAMILY = "1,2";
				TEST_TARGET_NAME = Exam;
			};
			name = Debug;
		};
		56BF2F312788A04E00EA9292 /* Release */ = {
			isa = XCBuildConfiguration;
			buildSettings = {
				ALWAYS_EMBED_SWIFT_STANDARD_LIBRARIES = YES;
				CODE_SIGN_STYLE = Automatic;
				INFOPLIST_FILE = ExamUITests/Info.plist;
				LD_RUNPATH_SEARCH_PATHS = (
					"$(inherited)",
					"@executable_path/Frameworks",
					"@loader_path/Frameworks",
				);
				PRODUCT_BUNDLE_IDENTIFIER = "uni-sofia.bg.ExamUITests";
				PRODUCT_NAME = "$(TARGET_NAME)";
				SWIFT_VERSION = 5.0;
				TARGETED_DEVICE_FAMILY = "1,2";
				TEST_TARGET_NAME = Exam;
			};
			name = Release;
		};
/* End XCBuildConfiguration section */

/* Begin XCConfigurationList section */
		56BF2EFA2788A04A00EA9292 /* Build configuration list for PBXProject "Exam" */ = {
			isa = XCConfigurationList;
			buildConfigurations = (
				56BF2F272788A04E00EA9292 /* Debug */,
				56BF2F282788A04E00EA9292 /* Release */,
			);
			defaultConfigurationIsVisible = 0;
			defaultConfigurationName = Release;
		};
		56BF2F292788A04E00EA9292 /* Build configuration list for PBXNativeTarget "Exam" */ = {
			isa = XCConfigurationList;
			buildConfigurations = (
				56BF2F2A2788A04E00EA9292 /* Debug */,
				56BF2F2B2788A04E00EA9292 /* Release */,
			);
			defaultConfigurationIsVisible = 0;
			defaultConfigurationName = Release;
		};
		56BF2F2C2788A04E00EA9292 /* Build configuration list for PBXNativeTarget "ExamTests" */ = {
			isa = XCConfigurationList;
			buildConfigurations = (
				56BF2F2D2788A04E00EA9292 /* Debug */,
				56BF2F2E2788A04E00EA9292 /* Release */,
			);
			defaultConfigurationIsVisible = 0;
			defaultConfigurationName = Release;
		};
		56BF2F2F2788A04E00EA9292 /* Build configuration list for PBXNativeTarget "ExamUITests" */ = {
			isa = XCConfigurationList;
			buildConfigurations = (
				56BF2F302788A04E00EA9292 /* Debug */,
				56BF2F312788A04E00EA9292 /* Release */,
			);
			defaultConfigurationIsVisible = 0;
			defaultConfigurationName = Release;
		};
/* End XCConfigurationList section */
	};
	rootObject = 56BF2EF72788A04A00EA9292 /* Project object */;
}
